
Microsoft Visual Studio Solution File, Format Version 12.00
# Visual Studio 15
VisualStudioVersion = 15.0.27703.2042
MinimumVisualStudioVersion = 10.0.40219.1
Project("{FAE04EC0-301F-11D3-BF4B-00C04F79EFBC}") = "AppSensitiveView", "AppSensitiveView\AppSensitiveView.csproj", "{BB834F64-95B8-42E3-B332-4D125A950E8D}"
EndProject
Project("{FAE04EC0-301F-11D3-BF4B-00C04F79EFBC}") = "AppSensitiveViewWeb", "AppSensitiveViewWeb\AppSensitiveViewWeb.csproj", "{FF9EAA9F-9846-4AC2-A467-7F8CCD14E742}"
EndProject
Global
	GlobalSection(SolutionConfigurationPlatforms) = preSolution
		Debug|Any CPU = Debug|Any CPU
		Release|Any CPU = Release|Any CPU
	EndGlobalSection
	GlobalSection(ProjectConfigurationPlatforms) = postSolution
		{BB834F64-95B8-42E3-B332-4D125A950E8D}.Debug|Any CPU.ActiveCfg = Debug|Any CPU
		{BB834F64-95B8-42E3-B332-4D125A950E8D}.Debug|Any CPU.Build.0 = Debug|Any CPU
		{BB834F64-95B8-42E3-B332-4D125A950E8D}.Debug|Any CPU.Deploy.0 = Debug|Any CPU
		{BB834F64-95B8-42E3-B332-4D125A950E8D}.Release|Any CPU.ActiveCfg = Release|Any CPU
		{BB834F64-95B8-42E3-B332-4D125A950E8D}.Release|Any CPU.Build.0 = Release|Any CPU
		{BB834F64-95B8-42E3-B332-4D125A950E8D}.Release|Any CPU.Deploy.0 = Release|Any CPU
		{FF9EAA9F-9846-4AC2-A467-7F8CCD14E742}.Debug|Any CPU.ActiveCfg = Debug|Any CPU
		{FF9EAA9F-9846-4AC2-A467-7F8CCD14E742}.Debug|Any CPU.Build.0 = Debug|Any CPU
		{FF9EAA9F-9846-4AC2-A467-7F8CCD14E742}.Release|Any CPU.ActiveCfg = Release|Any CPU
		{FF9EAA9F-9846-4AC2-A467-7F8CCD14E742}.Release|Any CPU.Build.0 = Release|Any CPU
	EndGlobalSection
	GlobalSection(SolutionProperties) = preSolution
		HideSolutionNode = FALSE
	EndGlobalSection
	GlobalSection(ExtensibilityGlobals) = postSolution
		SolutionGuid = {A4249345-D7CA-4981-BBFE-9266C15694E8}
	EndGlobalSection
EndGlobal
